
Microsoft Visual Studio Solution File, Format Version 12.00
# Visual Studio Version 16
VisualStudioVersion = 16.0.28922.388
MinimumVisualStudioVersion = 10.0.40219.1
Project("{9A19103F-16F7-4668-BE54-9A1E7A4F7556}") = "CQRSMediatR", "CQRSMediatR.csproj", "{87A11CE1-6879-49C7-802C-3B46DF2D78BC}"
EndProject
Global
	GlobalSection(SolutionConfigurationPlatforms) = preSolution
		Debug|Any CPU = Debug|Any CPU
		Release|Any CPU = Release|Any CPU
	EndGlobalSection
	GlobalSection(ProjectConfigurationPlatforms) = postSolution
		{87A11CE1-6879-49C7-802C-3B46DF2D78BC}.Debug|Any CPU.ActiveCfg = Debug|Any CPU
		{87A11CE1-6879-49C7-802C-3B46DF2D78BC}.Debug|Any CPU.Build.0 = Debug|Any CPU
		{87A11CE1-6879-49C7-802C-3B46DF2D78BC}.Release|Any CPU.ActiveCfg = Release|Any CPU
		{87A11CE1-6879-49C7-802C-3B46DF2D78BC}.Release|Any CPU.Build.0 = Release|Any CPU
	EndGlobalSection
	GlobalSection(SolutionProperties) = preSolution
		HideSolutionNode = FALSE
	EndGlobalSection
	GlobalSection(ExtensibilityGlobals) = postSolution
		SolutionGuid = {8EF8F70E-21C1-4F41-8507-727582AF5C22}
	EndGlobalSection
EndGlobal
